{"format_version":"1.2","terraform_version":"1.5.1","planned_values":{"root_module":{"resources":[{"address":"aws_instance.my_web_instance","mode":"managed","type":"aws_instance","name":"my_web_instance","provider_name":"registry.terraform.io/hashicorp/aws","schema_version":1,"values":{"ami":"ami-09b4b74c","credit_specification":[],"disable_api_termination":null,"ebs_optimized":null,"get_password_data":false,"hibernation":null,"iam_instance_profile":null,"instance_type":"t2.nano","monitoring":null,"source_dest_check":true,"tags":{"service":"tomcat","team":"Digital"},"tags_all":{"service":"tomcat","team":"Digital"},"timeouts":null,"user_data":null,"user_data_base64":null,"volume_tags":null},"sensitive_values":{"capacity_reservation_specification":[],"credit_specification":[],"ebs_block_device":[],"enclave_options":[],"ephemeral_block_device":[],"ipv6_addresses":[],"metadata_options":[],"network_interface":[],"root_block_device":[],"secondary_private_ips":[],"security_groups":[],"tags":{},"tags_all":{},"vpc_security_group_ids":[]}}]}},"resource_changes":[{"address":"aws_instance.my_web_instance","mode":"managed","type":"aws_instance","name":"my_web_instance","provider_name":"registry.terraform.io/hashicorp/aws","change":{"actions":["create"],"before":null,"after":{"ami":"ami-09b4b74c","credit_specification":[],"disable_api_termination":null,"ebs_optimized":null,"get_password_data":false,"hibernation":null,"iam_instance_profile":null,"instance_type":"t2.nano","monitoring":null,"source_dest_check":true,"tags":{"service":"tomcat","team":"Digital"},"tags_all":{"service":"tomcat","team":"Digital"},"timeouts":null,"user_data":null,"user_data_base64":null,"volume_tags":null},"after_unknown":{"arn":true,"associate_public_ip_address":true,"availability_zone":true,"capacity_reservation_specification":true,"cpu_core_count":true,"cpu_threads_per_core":true,"credit_specification":[],"ebs_block_device":true,"enclave_options":true,"ephemeral_block_device":true,"host_id":true,"id":true,"instance_initiated_shutdown_behavior":true,"instance_state":true,"ipv6_address_count":true,"ipv6_addresses":true,"key_name":true,"metadata_options":true,"network_interface":true,"outpost_arn":true,"password_data":true,"placement_group":true,"primary_network_interface_id":true,"private_dns":true,"private_ip":true,"public_dns":true,"public_ip":true,"root_block_device":true,"secondary_private_ips":true,"security_groups":true,"subnet_id":true,"tags":{},"tags_all":{},"tenancy":true,"vpc_security_group_ids":true},"before_sensitive":false,"after_sensitive":{"capacity_reservation_specification":[],"credit_specification":[],"ebs_block_device":[],"enclave_options":[],"ephemeral_block_device":[],"ipv6_addresses":[],"metadata_options":[],"network_interface":[],"root_block_device":[],"secondary_private_ips":[],"security_groups":[],"tags":{},"tags_all":{},"vpc_security_group_ids":[]}}}],"configuration":{"provider_config":{"aws":{"name":"aws","full_name":"registry.terraform.io/hashicorp/aws","version_constraint":"3.50.0"}},"root_module":{"resources":[{"address":"aws_instance.my_web_instance","mode":"managed","type":"aws_instance","name":"my_web_instance","provider_config_key":"aws","expressions":{"ami":{"constant_value":"ami-09b4b74c"},"instance_type":{"constant_value":"t2.nano"},"tags":{"constant_value":{"service":"tomcat","team":"Digital"}}},"schema_version":1}]}},"timestamp":"2023-10-18T07:26:03Z"}
